
Microsoft Visual Studio Solution File, Format Version 12.00
# Visual Studio Version 16
VisualStudioVersion = 16.0.29409.12
MinimumVisualStudioVersion = 10.0.40219.1
Project("{FAE04EC0-301F-11D3-BF4B-00C04F79EFBC}") = "LeagueClientAPI2CSharp", "LeagueClientAPI2CSharp\LeagueClientAPI2CSharp.csproj", "{6A989660-051F-4A50-AF14-5ED85526AEAD}"
EndProject
Global
	GlobalSection(SolutionConfigurationPlatforms) = preSolution
		Debug|Any CPU = Debug|Any CPU
		Release|Any CPU = Release|Any CPU
	EndGlobalSection
	GlobalSection(ProjectConfigurationPlatforms) = postSolution
		{6A989660-051F-4A50-AF14-5ED85526AEAD}.Debug|Any CPU.ActiveCfg = Debug|Any CPU
		{6A989660-051F-4A50-AF14-5ED85526AEAD}.Debug|Any CPU.Build.0 = Debug|Any CPU
		{6A989660-051F-4A50-AF14-5ED85526AEAD}.Release|Any CPU.ActiveCfg = Release|Any CPU
		{6A989660-051F-4A50-AF14-5ED85526AEAD}.Release|Any CPU.Build.0 = Release|Any CPU
	EndGlobalSection
	GlobalSection(SolutionProperties) = preSolution
		HideSolutionNode = FALSE
	EndGlobalSection
	GlobalSection(ExtensibilityGlobals) = postSolution
		SolutionGuid = {3E4509B6-2F8B-44FB-BCFA-294C1AA7BAB2}
	EndGlobalSection
EndGlobal
